
Microsoft Visual Studio Solution File, Format Version 12.00
# Visual Studio 15
VisualStudioVersion = 15.0.28307.271
MinimumVisualStudioVersion = 10.0.40219.1
Project("{FAE04EC0-301F-11D3-BF4B-00C04F79EFBC}") = "WcfServiceApp", "WcfServiceApp\WcfServiceApp.csproj", "{01BBE33C-36A9-4F15-B6AF-54170D57C0AE}"
EndProject
Global
	GlobalSection(SolutionConfigurationPlatforms) = preSolution
		Debug|Any CPU = Debug|Any CPU
		Release|Any CPU = Release|Any CPU
	EndGlobalSection
	GlobalSection(ProjectConfigurationPlatforms) = postSolution
		{01BBE33C-36A9-4F15-B6AF-54170D57C0AE}.Debug|Any CPU.ActiveCfg = Debug|Any CPU
		{01BBE33C-36A9-4F15-B6AF-54170D57C0AE}.Debug|Any CPU.Build.0 = Debug|Any CPU
		{01BBE33C-36A9-4F15-B6AF-54170D57C0AE}.Release|Any CPU.ActiveCfg = Release|Any CPU
		{01BBE33C-36A9-4F15-B6AF-54170D57C0AE}.Release|Any CPU.Build.0 = Release|Any CPU
	EndGlobalSection
	GlobalSection(SolutionProperties) = preSolution
		HideSolutionNode = FALSE
	EndGlobalSection
	GlobalSection(ExtensibilityGlobals) = postSolution
		SolutionGuid = {AEC8B8A5-E0A3-4998-A327-16BDA4D08DD4}
	EndGlobalSection
EndGlobal
